- name: Get current IP addresses configuration on current interfaces
  vyos.vyos.vyos_command:
    commands:
      - show configuration commands | match "interfaces {{ iface.interface_type }} {{ iface.interface }}.*address"
  register: iface_config

- name: Debug iface
  debug:
    var: iface

- name: Debug iface_config
  debug:
    var: iface_config

- name: Extract current IP addresses for interface
  set_fact:
    current_iface_ips: "{{ iface_config.stdout_lines | regex_findall(' address \\S([\\d.]+/\\d+)') }}"

- name: Debug current_iface_ips
  debug:
    var: current_iface_ips

- name: Debug iface_config.stdout_lines
  debug:
    var: iface_config.stdout_lines

- name: Find surplus IPv4 addresses on iface.interface
  set_fact:
    surplus_iface_ips: "{{ current_iface_ips | difference(iface.ipv4_addresses) }}"

- name: Delete surplus IPs from iface.interface
  vyos.vyos.vyos_config:
    lines:
      - delete interface {{ iface.interface_type }} {{ iface.interface }} address '{{ current_surplus_ip }}'
    match: 'none'
  loop: "{{ surplus_iface_ips }}"
  loop_control:
    loop_var: 'current_surplus_ip'

- name: Set interface IP address(es) from inventory
  vyos.vyos.vyos_l3_interfaces:
    config:
      - name: "{{ item.0.interface }}"
        ipv4:
          - address: "{{ item.1 }}"
  loop: "{{ hostvars[inventory_hostname]['interfaces'] | subelements('ipv4_addresses') }}"
  loop_control:
    loop_var: 'item'
  when: ( item.0.interface == iface.interface )

